<?xml version="1.0" encoding="utf-8"?>
<Project ToolsVersion="17.0" xmlns="http://schemas.microsoft.com/developer/msbuild/2003">
  <ItemGroup>
    <ClCompile Include="C:\Users\Bryce\Desktop\keyrita-revived\gui\GlfwWindow.cpp">
      <Filter>Source Files</Filter>
    </ClCompile>
    <ClCompile Include="C:\Users\Bryce\Desktop\keyrita-revived\gui\NkRenderer.cpp">
      <Filter>Source Files</Filter>
    </ClCompile>
  </ItemGroup>
  <ItemGroup>
    <ClInclude Include="C:\Users\Bryce\Desktop\keyrita-revived\gui\include\ContextManager.h">
      <Filter>Header Files</Filter>
    </ClInclude>
    <ClInclude Include="C:\Users\Bryce\Desktop\keyrita-revived\gui\include\NuklearWindowRenderer.h">
      <Filter>Header Files</Filter>
    </ClInclude>
    <ClInclude Include="C:\Users\Bryce\Desktop\keyrita-revived\gui\include\OperatingSystem.h">
      <Filter>Header Files</Filter>
    </ClInclude>
    <ClInclude Include="C:\Users\Bryce\Desktop\keyrita-revived\gui\include\Property.h">
      <Filter>Header Files</Filter>
    </ClInclude>
    <ClInclude Include="C:\Users\Bryce\Desktop\keyrita-revived\gui\include\Window.h">
      <Filter>Header Files</Filter>
    </ClInclude>
    <ClInclude Include="C:\Users\Bryce\Desktop\keyrita-revived\gui\nk_include\include_nuk.h">
      <Filter>Header Files</Filter>
    </ClInclude>
    <ClInclude Include="C:\Users\Bryce\Desktop\keyrita-revived\gui\nk_include\nuklear.h">
      <Filter>Header Files</Filter>
    </ClInclude>
    <ClInclude Include="C:\Users\Bryce\Desktop\keyrita-revived\gui\nk_include\nuklear_glfw_gl3.h">
      <Filter>Header Files</Filter>
    </ClInclude>
  </ItemGroup>
  <ItemGroup>
    <CustomBuild Include="C:\Users\Bryce\Desktop\keyrita-revived\gui\CMakeLists.txt" />
  </ItemGroup>
  <ItemGroup>
    <Filter Include="Header Files">
      <UniqueIdentifier>{F7DA943B-8BAD-3867-B77B-8F570AB0F452}</UniqueIdentifier>
    </Filter>
    <Filter Include="Source Files">
      <UniqueIdentifier>{EF7FEBF3-A9C2-3DF0-81D3-C33C914EC7EF}</UniqueIdentifier>
    </Filter>
  </ItemGroup>
</Project>
